
Microsoft Visual Studio Solution File, Format Version 12.00
# Visual Studio Version 16
VisualStudioVersion = 16.0.31702.278
MinimumVisualStudioVersion = 10.0.40219.1
Project("{FAE04EC0-301F-11D3-BF4B-00C04F79EFBC}") = "PracticaPresencialNETCORE2", "PracticaPresencialNETCORE2\PracticaPresencialNETCORE2.csproj", "{0284AB9D-33F1-4354-90D7-854F7AA2752F}"
EndProject
Global
	GlobalSection(SolutionConfigurationPlatforms) = preSolution
		Debug|Any CPU = Debug|Any CPU
		Release|Any CPU = Release|Any CPU
	EndGlobalSection
	GlobalSection(ProjectConfigurationPlatforms) = postSolution
		{0284AB9D-33F1-4354-90D7-854F7AA2752F}.Debug|Any CPU.ActiveCfg = Debug|Any CPU
		{0284AB9D-33F1-4354-90D7-854F7AA2752F}.Debug|Any CPU.Build.0 = Debug|Any CPU
		{0284AB9D-33F1-4354-90D7-854F7AA2752F}.Release|Any CPU.ActiveCfg = Release|Any CPU
		{0284AB9D-33F1-4354-90D7-854F7AA2752F}.Release|Any CPU.Build.0 = Release|Any CPU
	EndGlobalSection
	GlobalSection(SolutionProperties) = preSolution
		HideSolutionNode = FALSE
	EndGlobalSection
	GlobalSection(ExtensibilityGlobals) = postSolution
		SolutionGuid = {758B174C-4EE9-4AF8-94E8-DFDF227A37C2}
	EndGlobalSection
EndGlobal
